
Microsoft Visual Studio Solution File, Format Version 12.00
Project("{FAE04EC0-301F-11D3-BF4B-00C04F79EFBC}") = "Logger", "Logger\Logger.csproj", "{D23D8D84-D97E-47CC-AD6B-F5FF2402DE7E}"
EndProject
Global
	GlobalSection(SolutionConfigurationPlatforms) = preSolution
		Debug|Any CPU = Debug|Any CPU
		Release|Any CPU = Release|Any CPU
	EndGlobalSection
	GlobalSection(ProjectConfigurationPlatforms) = postSolution
		{D23D8D84-D97E-47CC-AD6B-F5FF2402DE7E}.Debug|Any CPU.ActiveCfg = Debug|Any CPU
		{D23D8D84-D97E-47CC-AD6B-F5FF2402DE7E}.Debug|Any CPU.Build.0 = Debug|Any CPU
		{D23D8D84-D97E-47CC-AD6B-F5FF2402DE7E}.Release|Any CPU.ActiveCfg = Release|Any CPU
		{D23D8D84-D97E-47CC-AD6B-F5FF2402DE7E}.Release|Any CPU.Build.0 = Release|Any CPU
	EndGlobalSection
EndGlobal
